{
  "name": "node-qt",
  "version": "0.0.2",
  "lockfileVersion": 1,
  "requires": true,
  "dependencies": {
    "shelljs": {
      "version": "0.0.5-pre4",
      "resolved": "https://registry.npmjs.org/shelljs/-/shelljs-0.0.5pre4.tgz",
      "integrity": "sha1-E/NyzJg5GRzz4bGoam4JTrM5o9o="
    }
  }
}
